
Microsoft Visual Studio Solution File, Format Version 12.00
# Visual Studio 14
VisualStudioVersion = 14.0.25420.1
MinimumVisualStudioVersion = 10.0.40219.1
Project("{FAE04EC0-301F-11D3-BF4B-00C04F79EFBC}") = "HomeAutomation.WebFront", "HomeAutomation.WebFront\HomeAutomation.WebFront.csproj", "{BBDF8711-02D4-447F-9FCE-02CD90AE5A1C}"
EndProject
Project("{FAE04EC0-301F-11D3-BF4B-00C04F79EFBC}") = "DataModel.Entities", "AutomationLibrary\DataModel.Entities.csproj", "{380A35C9-74EA-4063-AC32-22A8ACCC6BB9}"
EndProject
Global
	GlobalSection(SolutionConfigurationPlatforms) = preSolution
		Debug|Any CPU = Debug|Any CPU
		Release|Any CPU = Release|Any CPU
	EndGlobalSection
	GlobalSection(ProjectConfigurationPlatforms) = postSolution
		{BBDF8711-02D4-447F-9FCE-02CD90AE5A1C}.Debug|Any CPU.ActiveCfg = Debug|Any CPU
		{BBDF8711-02D4-447F-9FCE-02CD90AE5A1C}.Debug|Any CPU.Build.0 = Debug|Any CPU
		{BBDF8711-02D4-447F-9FCE-02CD90AE5A1C}.Release|Any CPU.ActiveCfg = Release|Any CPU
		{BBDF8711-02D4-447F-9FCE-02CD90AE5A1C}.Release|Any CPU.Build.0 = Release|Any CPU
		{380A35C9-74EA-4063-AC32-22A8ACCC6BB9}.Debug|Any CPU.ActiveCfg = Debug|Any CPU
		{380A35C9-74EA-4063-AC32-22A8ACCC6BB9}.Debug|Any CPU.Build.0 = Debug|Any CPU
		{380A35C9-74EA-4063-AC32-22A8ACCC6BB9}.Release|Any CPU.ActiveCfg = Release|Any CPU
		{380A35C9-74EA-4063-AC32-22A8ACCC6BB9}.Release|Any CPU.Build.0 = Release|Any CPU
	EndGlobalSection
	GlobalSection(SolutionProperties) = preSolution
		HideSolutionNode = FALSE
	EndGlobalSection
EndGlobal
